// !$*UTF8*$!
{
	archiveVersion = 1;
	classes = {
	};
	objectVersion = 56;
	objects = {

/* Begin PBXBuildFile section */
		A1000001 /* BookReaderApp.swift in Sources */ = {isa = PBXBuildFile; fileRef = A1000002 /* BookReaderApp.swift */; };
		A1000012 /* BookSource.swift in Sources */ = {isa = PBXBuildFile; fileRef = A1000037 /* BookSource.swift */; };
		A1000013 /* Book.swift in Sources */ = {isa = PBXBuildFile; fileRef = A1000038 /* Book.swift */; };
		A1000014 /* Chapter.swift in Sources */ = {isa = PBXBuildFile; fileRef = A1000039 /* Chapter.swift */; };
		A1000015 /* ReadingProgress.swift in Sources */ = {isa = PBXBuildFile; fileRef = A1000040 /* ReadingProgress.swift */; };
		A1000016 /* NetworkService.swift in Sources */ = {isa = PBXBuildFile; fileRef = A1000041 /* NetworkService.swift */; };
		A1000017 /* SourceParser.swift in Sources */ = {isa = PBXBuildFile; fileRef = A1000042 /* SourceParser.swift */; };
		A1000018 /* DataManager.swift in Sources */ = {isa = PBXBuildFile; fileRef = A1000043 /* DataManager.swift */; };
		A1000019 /* LegadoSourceParser.swift in Sources */ = {isa = PBXBuildFile; fileRef = A1000044 /* LegadoSourceParser.swift */; };
		A1000020 /* SourceImportService.swift in Sources */ = {isa = PBXBuildFile; fileRef = A1000045 /* SourceImportService.swift */; };
		A1000021 /* TTSService.swift in Sources */ = {isa = PBXBuildFile; fileRef = A1000046 /* TTSService.swift */; };
		A1000022 /* BookshelfView.swift in Sources */ = {isa = PBXBuildFile; fileRef = A1000047 /* BookshelfView.swift */; };
		A1000023 /* DiscoverView.swift in Sources */ = {isa = PBXBuildFile; fileRef = A1000048 /* DiscoverView.swift */; };
		A1000024 /* SourcesView.swift in Sources */ = {isa = PBXBuildFile; fileRef = A1000049 /* SourcesView.swift */; };
		A1000025 /* BookDetailView.swift in Sources */ = {isa = PBXBuildFile; fileRef = A1000050 /* BookDetailView.swift */; };
		A1000026 /* ReaderView.swift in Sources */ = {isa = PBXBuildFile; fileRef = A1000051 /* ReaderView.swift */; };
		A1000027 /* SettingsView.swift in Sources */ = {isa = PBXBuildFile; fileRef = A1000052 /* SettingsView.swift */; };
		A1000028 /* TabBarView.swift in Sources */ = {isa = PBXBuildFile; fileRef = A1000053 /* TabBarView.swift */; };
		A1000029 /* NavigationRouter.swift in Sources */ = {isa = PBXBuildFile; fileRef = A1000054 /* NavigationRouter.swift */; };
		A1000030 /* BookshelfViewModel.swift in Sources */ = {isa = PBXBuildFile; fileRef = A1000055 /* BookshelfViewModel.swift */; };
		A1000031 /* DiscoverViewModel.swift in Sources */ = {isa = PBXBuildFile; fileRef = A1000056 /* DiscoverViewModel.swift */; };
		A1000032 /* SourceViewModel.swift in Sources */ = {isa = PBXBuildFile; fileRef = A1000057 /* SourceViewModel.swift */; };
		A1000033 /* BookDetailViewModel.swift in Sources */ = {isa = PBXBuildFile; fileRef = A1000058 /* BookDetailViewModel.swift */; };
		A1000034 /* ReaderViewModel.swift in Sources */ = {isa = PBXBuildFile; fileRef = A1000059 /* ReaderViewModel.swift */; };
		A1000035 /* AppTheme.swift in Sources */ = {isa = PBXBuildFile; fileRef = A1000060 /* AppTheme.swift */; };
		A1000036 /* LegadoSource.swift in Sources */ = {isa = PBXBuildFile; fileRef = A1000061 /* LegadoSource.swift */; };
		A1000005 /* Assets.xcassets in Resources */ = {isa = PBXBuildFile; fileRef = A1000006 /* Assets.xcassets */; };
/* End PBXBuildFile section */

/* Begin PBXFileReference section */
		A1000002 /* BookReaderApp.swift */ = {isa = PBXFileReference; lastKnownFileType = sourcecode.swift; path = BookReaderApp.swift; sourceTree = "<group>"; };
		A1000037 /* BookSource.swift */ = {isa = PBXFileReference; lastKnownFileType = sourcecode.swift; path = BookSource.swift; sourceTree = "<group>"; };
		A1000038 /* Book.swift */ = {isa = PBXFileReference; lastKnownFileType = sourcecode.swift; path = Book.swift; sourceTree = "<group>"; };
		A1000039 /* Chapter.swift */ = {isa = PBXFileReference; lastKnownFileType = sourcecode.swift; path = Chapter.swift; sourceTree = "<group>"; };
		A1000040 /* ReadingProgress.swift */ = {isa = PBXFileReference; lastKnownFileType = sourcecode.swift; path = ReadingProgress.swift; sourceTree = "<group>"; };
		A1000061 /* LegadoSource.swift */ = {isa = PBXFileReference; lastKnownFileType = sourcecode.swift; path = LegadoSource.swift; sourceTree = "<group>"; };
		A1000041 /* NetworkService.swift */ = {isa = PBXFileReference; lastKnownFileType = sourcecode.swift; path = NetworkService.swift; sourceTree = "<group>"; };
		A1000042 /* SourceParser.swift */ = {isa = PBXFileReference; lastKnownFileType = sourcecode.swift; path = SourceParser.swift; sourceTree = "<group>"; };
		A1000043 /* DataManager.swift */ = {isa = PBXFileReference; lastKnownFileType = sourcecode.swift; path = DataManager.swift; sourceTree = "<group>"; };
		A1000044 /* LegadoSourceParser.swift */ = {isa = PBXFileReference; lastKnownFileType = sourcecode.swift; path = LegadoSourceParser.swift; sourceTree = "<group>"; };
		A1000045 /* SourceImportService.swift */ = {isa = PBXFileReference; lastKnownFileType = sourcecode.swift; path = SourceImportService.swift; sourceTree = "<group>"; };
		A1000046 /* TTSService.swift */ = {isa = PBXFileReference; lastKnownFileType = sourcecode.swift; path = TTSService.swift; sourceTree = "<group>"; };
		A1000047 /* BookshelfView.swift */ = {isa = PBXFileReference; lastKnownFileType = sourcecode.swift; path = BookshelfView.swift; sourceTree = "<group>"; };
		A1000048 /* DiscoverView.swift */ = {isa = PBXFileReference; lastKnownFileType = sourcecode.swift; path = DiscoverView.swift; sourceTree = "<group>"; };
		A1000049 /* SourcesView.swift */ = {isa = PBXFileReference; lastKnownFileType = sourcecode.swift; path = SourcesView.swift; sourceTree = "<group>"; };
		A1000050 /* BookDetailView.swift */ = {isa = PBXFileReference; lastKnownFileType = sourcecode.swift; path = BookDetailView.swift; sourceTree = "<group>"; };
		A1000051 /* ReaderView.swift */ = {isa = PBXFileReference; lastKnownFileType = sourcecode.swift; path = ReaderView.swift; sourceTree = "<group>"; };
		A1000052 /* SettingsView.swift */ = {isa = PBXFileReference; lastKnownFileType = sourcecode.swift; path = SettingsView.swift; sourceTree = "<group>"; };
		A1000053 /* TabBarView.swift */ = {isa = PBXFileReference; lastKnownFileType = sourcecode.swift; path = TabBarView.swift; sourceTree = "<group>"; };
		A1000054 /* NavigationRouter.swift */ = {isa = PBXFileReference; lastKnownFileType = sourcecode.swift; path = NavigationRouter.swift; sourceTree = "<group>"; };
		A1000055 /* BookshelfViewModel.swift */ = {isa = PBXFileReference; lastKnownFileType = sourcecode.swift; path = BookshelfViewModel.swift; sourceTree = "<group>"; };
		A1000056 /* DiscoverViewModel.swift */ = {isa = PBXFileReference; lastKnownFileType = sourcecode.swift; path = DiscoverViewModel.swift; sourceTree = "<group>"; };
		A1000057 /* SourceViewModel.swift */ = {isa = PBXFileReference; lastKnownFileType = sourcecode.swift; path = SourceViewModel.swift; sourceTree = "<group>"; };
		A1000058 /* BookDetailViewModel.swift */ = {isa = PBXFileReference; lastKnownFileType = sourcecode.swift; path = BookDetailViewModel.swift; sourceTree = "<group>"; };
		A1000059 /* ReaderViewModel.swift */ = {isa = PBXFileReference; lastKnownFileType = sourcecode.swift; path = ReaderViewModel.swift; sourceTree = "<group>"; };
		A1000060 /* AppTheme.swift */ = {isa = PBXFileReference; lastKnownFileType = sourcecode.swift; path = AppTheme.swift; sourceTree = "<group>"; };
		A1000006 /* Assets.xcassets */ = {isa = PBXFileReference; lastKnownFileType = folder.assetcatalog; path = Assets.xcassets; sourceTree = "<group>"; };
		A1000007 /* BookReader.entitlements */ = {isa = PBXFileReference; lastKnownFileType = text.plist.entitlements; path = BookReader.entitlements; sourceTree = "<group>"; };
		A1000008 /* BookReader.app */ = {isa = PBXFileReference; explicitFileType = wrapper.application; includeInIndex = 0; path = BookReader.app; sourceTree = BUILT_PRODUCTS_DIR; };
/* End PBXFileReference section */

/* Begin PBXFrameworksBuildPhase section */
		A1000009 /* Frameworks */ = {
			isa = PBXFrameworksBuildPhase;
			buildActionMask = 2147483647;
			files = (
			);
			runOnlyForDeploymentPostprocessing = 0;
		};
/* End PBXFrameworksBuildPhase section */

/* Begin PBXGroup section */
		A100000A /* BookReader */ = {
			isa = PBXGroup;
			children = (
				A100000B /* BookReader */,
				A100000C /* Products */,
			);
			sourceTree = "<group>";
		};
		A100000B /* BookReader */ = {
			isa = PBXGroup;
			children = (
				A1000002 /* BookReaderApp.swift */,
				A100000D /* Models */,
				A100000E /* Services */,
				A100000F /* Views */,
				A1000010 /* ViewModels */,
				A1000011 /* Theme */,
				A1000006 /* Assets.xcassets */,
				A1000007 /* BookReader.entitlements */,
			);
			path = BookReader;
			sourceTree = "<group>";
		};
		A100000C /* Products */ = {
			isa = PBXGroup;
			children = (
				A1000008 /* BookReader.app */,
			);
			name = Products;
			sourceTree = "<group>";
		};
		A100000D /* Models */ = {
			isa = PBXGroup;
			children = (
				A1000037 /* BookSource.swift */,
				A1000038 /* Book.swift */,
				A1000039 /* Chapter.swift */,
				A1000040 /* ReadingProgress.swift */,
				A1000061 /* LegadoSource.swift */,
			);
			path = Models;
			sourceTree = "<group>";
		};
		A100000E /* Services */ = {
			isa = PBXGroup;
			children = (
				A1000041 /* NetworkService.swift */,
				A1000042 /* SourceParser.swift */,
				A1000043 /* DataManager.swift */,
				A1000044 /* LegadoSourceParser.swift */,
				A1000045 /* SourceImportService.swift */,
				A1000046 /* TTSService.swift */,
			);
			path = Services;
			sourceTree = "<group>";
		};
		A100000F /* Views */ = {
			isa = PBXGroup;
			children = (
				A1000062 /* Home */,
				A1000063 /* Discover */,
				A1000064 /* Sources */,
				A1000065 /* Detail */,
				A1000066 /* Reader */,
				A1000067 /* Settings */,
				A1000053 /* TabBarView.swift */,
				A1000054 /* NavigationRouter.swift */,
			);
			path = Views;
			sourceTree = "<group>";
		};
		A1000062 /* Home */ = {
			isa = PBXGroup;
			children = (A1000047 /* BookshelfView.swift */);
			path = Home;
			sourceTree = "<group>";
		};
		A1000063 /* Discover */ = {
			isa = PBXGroup;
			children = (A1000048 /* DiscoverView.swift */);
			path = Discover;
			sourceTree = "<group>";
		};
		A1000064 /* Sources */ = {
			isa = PBXGroup;
			children = (A1000049 /* SourcesView.swift */);
			path = Sources;
			sourceTree = "<group>";
		};
		A1000065 /* Detail */ = {
			isa = PBXGroup;
			children = (A1000050 /* BookDetailView.swift */);
			path = Detail;
			sourceTree = "<group>";
		};
		A1000066 /* Reader */ = {
			isa = PBXGroup;
			children = (A1000051 /* ReaderView.swift */);
			path = Reader;
			sourceTree = "<group>";
		};
		A1000067 /* Settings */ = {
			isa = PBXGroup;
			children = (A1000052 /* SettingsView.swift */);
			path = Settings;
			sourceTree = "<group>";
		};
		A1000010 /* ViewModels */ = {
			isa = PBXGroup;
			children = (
				A1000055 /* BookshelfViewModel.swift */,
				A1000056 /* DiscoverViewModel.swift */,
				A1000057 /* SourceViewModel.swift */,
				A1000058 /* BookDetailViewModel.swift */,
				A1000059 /* ReaderViewModel.swift */,
			);
			path = ViewModels;
			sourceTree = "<group>";
		};
		A1000011 /* Theme */ = {
			isa = PBXGroup;
			children = (A1000060 /* AppTheme.swift */);
			path = Theme;
			sourceTree = "<group>";
		};
/* End PBXGroup section */

/* Begin PBXNativeTarget section */
		A100002D /* BookReader */ = {
			isa = PBXNativeTarget;
			buildConfigurationList = A100002E /* Build configuration list for PBXNativeTarget "BookReader" */;
			buildPhases = (
				A100002F /* Sources */,
				A1000009 /* Frameworks */,
				A1000030 /* Resources */,
			);
			buildRules = (
			);
			dependencies = (
			);
			name = BookReader;
			productName = BookReader;
			productReference = A1000008 /* BookReader.app */;
			productType = "com.apple.product-type.application";
		};
/* End PBXNativeTarget section */

/* Begin PBXProject section */
		A1000031 /* Project object */ = {
			isa = PBXProject;
			attributes = {
				BuildIndependentTargetsInParallel = 1;
				LastSwiftUpdateCheck = 1500;
				LastUpgradeCheck = 1500;
				SwiftABIVersion = 7;
				TARGETED_DEVICE_FAMILY = "1,2";
			};
			buildConfigurationList = A1000032 /* Build configuration list for PBXProject "BookReader" */;
			hasScannedForEncodings = 0;
			mainGroup = A100000A /* BookReader */;
			groups = (
			);
			projectDirPath = "";
			projectRoot = "";
			targets = (
				A100002D /* BookReader */,
			);
		};
/* End PBXProject section */

/* Begin PBXResourcesBuildPhase section */
		A1000030 /* Resources */ = {
			isa = PBXResourcesBuildPhase;
			buildActionMask = 2147483647;
			files = (
				A1000005 /* Assets.xcassets in Resources */,
			);
			runOnlyForDeploymentPostprocessing = 0;
		};
/* End PBXResourcesBuildPhase section */

/* Begin PBXSourcesBuildPhase section */
		A100002F /* Sources */ = {
			isa = PBXSourcesBuildPhase;
			buildActionMask = 2147483647;
			files = (
				A1000001 /* BookReaderApp.swift in Sources */,
				A1000012 /* BookSource.swift in Sources */,
				A1000013 /* Book.swift in Sources */,
				A1000014 /* Chapter.swift in Sources */,
				A1000015 /* ReadingProgress.swift in Sources */,
				A1000036 /* LegadoSource.swift in Sources */,
				A1000016 /* NetworkService.swift in Sources */,
				A1000017 /* SourceParser.swift in Sources */,
				A1000018 /* DataManager.swift in Sources */,
				A1000019 /* LegadoSourceParser.swift in Sources */,
				A1000020 /* SourceImportService.swift in Sources */,
				A1000021 /* TTSService.swift in Sources */,
				A1000022 /* BookshelfView.swift in Sources */,
				A1000023 /* DiscoverView.swift in Sources */,
				A1000024 /* SourcesView.swift in Sources */,
				A1000025 /* BookDetailView.swift in Sources */,
				A1000026 /* ReaderView.swift in Sources */,
				A1000027 /* SettingsView.swift in Sources */,
				A1000028 /* TabBarView.swift in Sources */,
				A1000029 /* NavigationRouter.swift in Sources */,
				A1000030 /* BookshelfViewModel.swift in Sources */,
				A1000031 /* DiscoverViewModel.swift in Sources */,
				A1000032 /* SourceViewModel.swift in Sources */,
				A1000033 /* BookDetailViewModel.swift in Sources */,
				A1000034 /* ReaderViewModel.swift in Sources */,
				A1000035 /* AppTheme.swift in Sources */,
			);
			runOnlyForDeploymentPostprocessing = 0;
		};
/* End PBXSourcesBuildPhase section */

/* Begin XCBuildConfiguration section */
		A1000033 /* Debug */ = {
			isa = XCBuildConfiguration;
			buildSettings = {
				ALWAYS_SEARCH_USER_PATHS = NO;
				ASSETCATALOG_COMPILER_GENERATE_SWIFT_ASSET_SYMBOL_EXTENSIONS = YES;
				CLANG_ANALYZER_NONNULL = YES;
				CLANG_CXX_LANGUAGE_STANDARD = "gnu++20";
				CLANG_ENABLE_MODULES = YES;
				CLANG_ENABLE_OBJC_ARC = YES;
				CLANG_ENABLE_OBJC_WEAK = YES;
				CLANG_WARN_BLOCK_CAPTURE_AUTORELEASING = YES;
				CLANG_WARN_BOOL_CONVERSION = YES;
				CLANG_WARN_COMMA = YES;
				CLANG_WARN_CONSTANT_CONVERSION = YES;
				CLANG_WARN_DEPRECATED_OBJC_IMPLEMENTATIONS = YES;
				CLANG_WARN_DIRECT_OBJC_ISA_USAGE = YES_ERROR;
				CLANG_WARN_DOCUMENTATION_COMMENTS = YES;
				CLANG_WARN_EMPTY_BODY = YES;
				CLANG_WARN_ENUM_CONVERSION = YES;
				CLANG_WARN_INFINITE_RECURSION = YES;
				CLANG_WARN_INT_CONVERSION = YES;
				CLANG_WARN_NON_LITERAL_NULL_CONVERSION = YES;
				CLANG_WARN_OBJC_IMPLICIT_RETAIN_SELF = YES;
				CLANG_WARN_OBJC_LITERAL_CONVERSION = YES;
				CLANG_WARN_OBJC_ROOT_CLASS = YES_ERROR;
				CLANG_WARN_QUOTED_INCLUDE_IN_FRAMEWORK_HEADER = YES;
				CLANG_WARN_RANGE_LOOP_ANALYSIS = YES;
				CLANG_WARN_STRICT_PROTOTYPES = YES;
				CLANG_WARN_SUSPICIOUS_MOVE = YES;
				CLANG_WARN_UNGUARDED_AVAILABILITY = YES_AGGRESSIVE;
				CLANG_WARN_UNREACHABLE_CODE = YES;
				CLANG_WARN__DUPLICATE_METHOD_MATCH = YES;
				COPY_PHASE_STRIP = NO;
				DEBUG_INFORMATION_FORMAT = dwarf;
				ENABLE_STRICT_OBJC_MSGSEND = YES;
				ENABLE_TESTABILITY = YES;
				GCC_C_LANGUAGE_STANDARD = gnu17;
				GCC_DYNAMIC_NO_PIC = NO;
				GCC_NO_COMMON_BLOCKS = YES;
				GCC_WARN_64_TO_32_BIT_CONVERSION = YES;
				GCC_WARN_ABOUT_RETURN_TYPE = YES_ERROR;
				GCC_WARN_UNDECLARED_SELECTOR = YES;
				GCC_WARN_UNINITIALIZED_AUTOS = YES_AGGRESSIVE;
				GCC_WARN_UNUSED_FUNCTION = YES;
				GCC_WARN_UNUSED_VARIABLE = YES;
				IPHONEOS_DEPLOYMENT_TARGET = 16.0;
				MTL_ENABLE_DEBUG_INFO = INCLUDE_SOURCE;
				MTL_FAST_MATH = YES;
				ONLY_ACTIVE_ARCH = YES;
				SDKROOT = iphoneos;
				SWIFT_VERSION = 5.9;
			};
			name = Debug;
		};
		A1000034 /* Release */ = {
			isa = XCBuildConfiguration;
			buildSettings = {
				ALWAYS_SEARCH_USER_PATHS = NO;
				ASSETCATALOG_COMPILER_GENERATE_SWIFT_ASSET_SYMBOL_EXTENSIONS = YES;
				CLANG_ANALYZER_NONNULL = YES;
				CLANG_CXX_LANGUAGE_STANDARD = "gnu++20";
				CLANG_ENABLE_MODULES = YES;
				CLANG_ENABLE_OBJC_ARC = YES;
				CLANG_ENABLE_OBJC_WEAK = YES;
				CLANG_WARN_BLOCK_CAPTURE_AUTORELEASING = YES;
				CLANG_WARN_BOOL_CONVERSION = YES;
				CLANG_WARN_COMMA = YES;
				CLANG_WARN_CONSTANT_CONVERSION = YES;
				CLANG_WARN_DEPRECATED_OBJC_IMPLEMENTATIONS = YES;
				CLANG_WARN_DIRECT_OBJC_ISA_USAGE = YES_ERROR;
				CLANG_WARN_DOCUMENTATION_COMMENTS = YES;
				CLANG_WARN_EMPTY_BODY = YES;
				CLANG_WARN_ENUM_CONVERSION = YES;
				CLANG_WARN_INFINITE_RECURSION = YES;
				CLANG_WARN_INT_CONVERSION = YES;
				CLANG_WARN_NON_LITERAL_NULL_CONVERSION = YES;
				CLANG_WARN_OBJC_IMPLICIT_RETAIN_SELF = YES;
				CLANG_WARN_OBJC_LITERAL_CONVERSION = YES;
				CLANG_WARN_OBJC_ROOT_CLASS = YES_ERROR;
				CLANG_WARN_QUOTED_INCLUDE_IN_FRAMEWORK_HEADER = YES;
				CLANG_WARN_RANGE_LOOP_ANALYSIS = YES;
				CLANG_WARN_STRICT_PROTOTYPES = YES;
				CLANG_WARN_SUSPICIOUS_MOVE = YES;
				CLANG_WARN_UNGUARDED_AVAILABILITY = YES_AGGRESSIVE;
				CLANG_WARN_UNREACHABLE_CODE = YES;
				CLANG_WARN__DUPLICATE_METHOD_MATCH = YES;
				COPY_PHASE_STRIP = NO;
				DEBUG_INFORMATION_FORMAT = "dwarf-with-dsym";
				ENABLE_NS_ASSERTIONS = NO;
				ENABLE_STRICT_OBJC_MSGSEND = YES;
				GCC_C_LANGUAGE_STANDARD = gnu17;
				GCC_NO_COMMON_BLOCKS = YES;
				GCC_WARN_64_TO_32_BIT_CONVERSION = YES;
				GCC_WARN_ABOUT_RETURN_TYPE = YES_ERROR;
				GCC_WARN_UNDECLARED_SELECTOR = YES;
				GCC_WARN_UNINITIALIZED_AUTOS = YES_AGGRESSIVE;
				GCC_WARN_UNUSED_FUNCTION = YES;
				GCC_WARN_UNUSED_VARIABLE = YES;
				IPHONEOS_DEPLOYMENT_TARGET = 16.0;
				MTL_ENABLE_DEBUG_INFO = NO;
				MTL_FAST_MATH = YES;
				SDKROOT = iphoneos;
				SWIFT_COMPILATION_MODE = wholemodule;
				SWIFT_VERSION = 5.9;
				VALIDATE_PRODUCT = YES;
			};
			name = Release;
		};
		A1000035 /* Debug */ = {
			isa = XCBuildConfiguration;
			buildSettings = {
				ASSETCATALOG_COMPILER_APPICON_NAME = AppIcon;
				ASSETCATALOG_COMPILER_GLOBAL_ACCENT_COLOR_NAME = AccentColor;
				CODE_SIGN_ENTITLEMENTS = BookReader/BookReader.entitlements;
				CODE_SIGN_STYLE = Automatic;
				CODE_SIGNING_ALLOWED = NO;
				CURRENT_PROJECT_VERSION = 1;
				GENERATE_INFOPLIST_FILE = YES;
				INFOPLIST_KEY_CFBundleDisplayName = "阅读";
				INFOPLIST_KEY_UIApplicationSceneManifest_Generation = YES;
				INFOPLIST_KEY_UIApplicationSupportsIndirectInputEvents = YES;
				INFOPLIST_KEY_UILaunchScreen_Generation = YES;
				INFOPLIST_KEY_UISupportedInterfaceOrientations_iPad = "UIInterfaceOrientationPortrait UIInterfaceOrientationPortraitUpsideDown UIInterfaceOrientationLandscapeLeft UIInterfaceOrientationLandscapeRight";
				INFOPLIST_KEY_UISupportedInterfaceOrientations_iPhone = "UIInterfaceOrientationPortrait UIInterfaceOrientationLandscapeLeft UIInterfaceOrientationLandscapeRight";
				LD_RUNPATH_SEARCH_PATHS = (
					"$(inherited)",
					"@executable_path/Frameworks",
				);
				MARKETING_VERSION = 1.0.0;
				PRODUCT_BUNDLE_IDENTIFIER = com.bookreader.app;
				PRODUCT_NAME = "$(TARGET_NAME)";
				SUPPORTED_PLATFORMS = iphoneos iphonesimulator;
				SUPPORTS_MACCATALYST = NO;
				SUPPORTS_MAC_DESIGNED_FOR_IPHONE_IPAD = NO;
				SWIFT_EMIT_LOC_STRINGS = YES;
				SWIFT_VERSION = 5.9;
				TARGETED_DEVICE_FAMILY = "1,2";
			};
			name = Debug;
		};
		A1000036 /* Release */ = {
			isa = XCBuildConfiguration;
			buildSettings = {
				ASSETCATALOG_COMPILER_APPICON_NAME = AppIcon;
				ASSETCATALOG_COMPILER_GLOBAL_ACCENT_COLOR_NAME = AccentColor;
				CODE_SIGN_ENTITLEMENTS = BookReader/BookReader.entitlements;
				CODE_SIGN_STYLE = Automatic;
				CODE_SIGNING_ALLOWED = NO;
				CURRENT_PROJECT_VERSION = 1;
				GENERATE_INFOPLIST_FILE = YES;
				INFOPLIST_KEY_CFBundleDisplayName = "阅读";
				INFOPLIST_KEY_UIApplicationSceneManifest_Generation = YES;
				INFOPLIST_KEY_UIApplicationSupportsIndirectInputEvents = YES;
				INFOPLIST_KEY_UILaunchScreen_Generation = YES;
				INFOPLIST_KEY_UISupportedInterfaceOrientations_iPad = "UIInterfaceOrientationPortrait UIInterfaceOrientationPortraitUpsideDown UIInterfaceOrientationLandscapeLeft UIInterfaceOrientationLandscapeRight";
				INFOPLIST_KEY_UISupportedInterfaceOrientations_iPhone = "UIInterfaceOrientationPortrait UIInterfaceOrientationLandscapeLeft UIInterfaceOrientationLandscapeRight";
				LD_RUNPATH_SEARCH_PATHS = (
					"$(inherited)",
					"@executable_path/Frameworks",
				);
				MARKETING_VERSION = 1.0.0;
				PRODUCT_BUNDLE_IDENTIFIER = com.bookreader.app;
				PRODUCT_NAME = "$(TARGET_NAME)";
				SUPPORTED_PLATFORMS = iphoneos iphonesimulator;
				SUPPORTS_MACCATALYST = NO;
				SUPPORTS_MAC_DESIGNED_FOR_IPHONE_IPAD = NO;
				SWIFT_EMIT_LOC_STRINGS = YES;
				SWIFT_VERSION = 5.9;
				TARGETED_DEVICE_FAMILY = "1,2";
			};
			name = Release;
		};
/* End XCBuildConfiguration section */

/* Begin XCConfigurationList section */
		A1000032 /* Build configuration list for PBXProject "BookReader" */ = {
			isa = XCConfigurationList;
			buildConfigurations = (
				A1000033 /* Debug */,
				A1000034 /* Release */,
			);
			defaultConfigurationIsVisible = 0;
			defaultConfigurationName = Release;
		};
		A100002E /* Build configuration list for PBXNativeTarget "BookReader" */ = {
			isa = XCConfigurationList;
			buildConfigurations = (
				A1000035 /* Debug */,
				A1000036 /* Release */,
			);
			defaultConfigurationIsVisible = 0;
			defaultConfigurationName = Release;
		};
/* End XCConfigurationList section */
	};
	rootObject = A1000031 /* Project object */;
}
