// !$*UTF8*$!
{
	archiveVersion = 1;
	classes = {
	};
	objectVersion = 56;
	objects = (
		741BDE4D0BA547DC80421A45b /* Object */ = {
			isa = "PBXBuildFile";
	
	
	fileRef = "06AB473A13414C5F8EEA5AB2f";;
		};
		A47B7F62E0B44694BF68004Ab /* Object */ = {
			isa = "PBXBuildFile";
	
	
	fileRef = "1EBC823DAA014FB4A8527AD9f";;
		};
		447C8086A07C4998883861EBb /* Object */ = {
			isa = "PBXBuildFile";
	
	
	fileRef = "588E55618D114E9D97443ACCf";;
		};
		954A4F48CB064ABE92D4F710b /* Object */ = {
			isa = "PBXBuildFile";
	
	
	fileRef = "983C694355AB4EC184D99C35f";;
		};
		4400EF9AE30042A184358AEBb /* Object */ = {
			isa = "PBXBuildFile";
	
	
	fileRef = "EB1B94CDB77C4663B08DE7BBf";;
		};
		10B3C354394240C48A2DBCD2b /* Object */ = {
			isa = "PBXBuildFile";
	
	
	fileRef = "B78FA33DBA274572BBC6CF11f";;
		};
		813CD9CAFF044A11B5132929b /* Object */ = {
			isa = "PBXBuildFile";
	
	
	fileRef = "35C0B4DD6CB24EFA9B1E82F5f";;
		};
		2D9401799E1A4D6DB0EAEA20b /* Object */ = {
			isa = "PBXBuildFile";
	
	
	fileRef = "ED81666090A546889695C1D4f";;
		};
		54CFDDACE5464DCC9A9E7B13b /* Object */ = {
			isa = "PBXBuildFile";
	
	
	fileRef = "67F0969671F54D5080C26107f";;
		};
		2452728BC8CE4EC9AC9BBB15b /* Object */ = {
			isa = "PBXBuildFile";
	
	
	fileRef = "AE84FAFD023A43EE8E601888f";;
		};
		3CEA28111D2B491691D260AFb /* Object */ = {
			isa = "PBXBuildFile";
	
	
	fileRef = "F83B1AB0E63140B99727B92Cf";;
		};
		142F5CBE6A06423EB9699BB8b /* Object */ = {
			isa = "PBXBuildFile";
	
	
	fileRef = "07ED342C0C0E4114B3672EF4f";;
		};
		1343409BBC224CE8BE4E022Ab /* Object */ = {
			isa = "PBXBuildFile";
	
	
	fileRef = "26D225F04F2B449CA15D998Af";;
		};
		285C84AC893444C7B320783Bb /* Object */ = {
			isa = "PBXBuildFile";
	
	
	fileRef = "2152691F2D7A4D3A821C0E03f";;
		};
		B2B6BEB972E5402583A7E6F3b /* Object */ = {
			isa = "PBXBuildFile";
	
	
	fileRef = "9CC3BBA7BE464584B3317AC4f";;
		};
		F8E34A7A1150403782F5BD7Db /* Object */ = {
			isa = "PBXBuildFile";
	
	
	fileRef = "AFA84E8E144B40EE8F3BC876f";;
		};
		E08210A5C821454E84693DDAb /* Object */ = {
			isa = "PBXBuildFile";
	
	
	fileRef = "4B80D0B4643F49B58DBF7306f";;
		};
		DA861BC2E0E94045AA0D573Db /* Object */ = {
			isa = "PBXBuildFile";
	
	
	fileRef = "7B4D231DECEF4199A78A39A6f";;
		};
		B187B690151349F5A0AD92B1b /* Object */ = {
			isa = "PBXBuildFile";
	
	
	fileRef = "6C1044465C384389996B8051f";;
		};
		DBC653E75B294EF3886C062Db /* Object */ = {
			isa = "PBXBuildFile";
	
	
	fileRef = "24D3D4F7F3A14BA393C731F1f";;
		};
		C92137F742F64FF291F27FA2b /* Object */ = {
			isa = "PBXBuildFile";
	
	
	fileRef = "1752A62B1D804BC7AAF2570Af";;
		};
		D667C8F3DE704CAEBDED4522b /* Object */ = {
			isa = "PBXBuildFile";
	
	
	fileRef = "04086E365AF540BEBF7C672Ff";;
		};
		2B81702CBCE142069DCA8290b /* Object */ = {
			isa = "PBXBuildFile";
	
	
	fileRef = "6C99CE33233B4D5FB469EE6Af";;
		};
		14AFD64BF1704F93B874014Cb /* Object */ = {
			isa = "PBXBuildFile";
	
	
	fileRef = "51869F42FBD24ED9AB710BE8f";;
		};
		0EE7DE732E864989BF34E80Cb /* Object */ = {
			isa = "PBXBuildFile";
	
	
	fileRef = "9BF6B8BB79124BA29FD4C292f";;
		};
		4677725F7E25476F83C38426b /* Object */ = {
			isa = "PBXBuildFile";
	
	
	fileRef = "8701875783184D8E92E46887f";;
		};
		06AB473A13414C5F8EEA5AB2f /* Object */ = {
			isa = "PBXFileReference";
	
	
	lastKnownFileType = "sourcecode.swift";
	
	
	path = "BookReaderApp.swift";
	
	
	sourceTree = "<group>";;
		};
		1EBC823DAA014FB4A8527AD9f /* Object */ = {
			isa = "PBXFileReference";
	
	
	lastKnownFileType = "sourcecode.swift";
	
	
	path = "Models/Book.swift";
	
	
	sourceTree = "<group>";;
		};
		588E55618D114E9D97443ACCf /* Object */ = {
			isa = "PBXFileReference";
	
	
	lastKnownFileType = "sourcecode.swift";
	
	
	path = "Models/BookSource.swift";
	
	
	sourceTree = "<group>";;
		};
		983C694355AB4EC184D99C35f /* Object */ = {
			isa = "PBXFileReference";
	
	
	lastKnownFileType = "sourcecode.swift";
	
	
	path = "Models/Chapter.swift";
	
	
	sourceTree = "<group>";;
		};
		EB1B94CDB77C4663B08DE7BBf /* Object */ = {
			isa = "PBXFileReference";
	
	
	lastKnownFileType = "sourcecode.swift";
	
	
	path = "Models/LegadoSource.swift";
	
	
	sourceTree = "<group>";;
		};
		B78FA33DBA274572BBC6CF11f /* Object */ = {
			isa = "PBXFileReference";
	
	
	lastKnownFileType = "sourcecode.swift";
	
	
	path = "Models/ReadingProgress.swift";
	
	
	sourceTree = "<group>";;
		};
		35C0B4DD6CB24EFA9B1E82F5f /* Object */ = {
			isa = "PBXFileReference";
	
	
	lastKnownFileType = "sourcecode.swift";
	
	
	path = "Theme/AppTheme.swift";
	
	
	sourceTree = "<group>";;
		};
		ED81666090A546889695C1D4f /* Object */ = {
			isa = "PBXFileReference";
	
	
	lastKnownFileType = "sourcecode.swift";
	
	
	path = "Services/DataManager.swift";
	
	
	sourceTree = "<group>";;
		};
		67F0969671F54D5080C26107f /* Object */ = {
			isa = "PBXFileReference";
	
	
	lastKnownFileType = "sourcecode.swift";
	
	
	path = "Services/LegadoSourceParser.swift";
	
	
	sourceTree = "<group>";;
		};
		AE84FAFD023A43EE8E601888f /* Object */ = {
			isa = "PBXFileReference";
	
	
	lastKnownFileType = "sourcecode.swift";
	
	
	path = "Services/NetworkService.swift";
	
	
	sourceTree = "<group>";;
		};
		F83B1AB0E63140B99727B92Cf /* Object */ = {
			isa = "PBXFileReference";
	
	
	lastKnownFileType = "sourcecode.swift";
	
	
	path = "Services/SourceImportService.swift";
	
	
	sourceTree = "<group>";;
		};
		07ED342C0C0E4114B3672EF4f /* Object */ = {
			isa = "PBXFileReference";
	
	
	lastKnownFileType = "sourcecode.swift";
	
	
	path = "Services/SourceParser.swift";
	
	
	sourceTree = "<group>";;
		};
		26D225F04F2B449CA15D998Af /* Object */ = {
			isa = "PBXFileReference";
	
	
	lastKnownFileType = "sourcecode.swift";
	
	
	path = "Services/TTSService.swift";
	
	
	sourceTree = "<group>";;
		};
		2152691F2D7A4D3A821C0E03f /* Object */ = {
			isa = "PBXFileReference";
	
	
	lastKnownFileType = "sourcecode.swift";
	
	
	path = "Views/NavigationRouter.swift";
	
	
	sourceTree = "<group>";;
		};
		9CC3BBA7BE464584B3317AC4f /* Object */ = {
			isa = "PBXFileReference";
	
	
	lastKnownFileType = "sourcecode.swift";
	
	
	path = "Views/TabBarView.swift";
	
	
	sourceTree = "<group>";;
		};
		AFA84E8E144B40EE8F3BC876f /* Object */ = {
			isa = "PBXFileReference";
	
	
	lastKnownFileType = "sourcecode.swift";
	
	
	path = "Views/Discover/DiscoverView.swift";
	
	
	sourceTree = "<group>";;
		};
		4B80D0B4643F49B58DBF7306f /* Object */ = {
			isa = "PBXFileReference";
	
	
	lastKnownFileType = "sourcecode.swift";
	
	
	path = "Views/Reader/ReaderView.swift";
	
	
	sourceTree = "<group>";;
		};
		7B4D231DECEF4199A78A39A6f /* Object */ = {
			isa = "PBXFileReference";
	
	
	lastKnownFileType = "sourcecode.swift";
	
	
	path = "Views/Sources/SourcesView.swift";
	
	
	sourceTree = "<group>";;
		};
		6C1044465C384389996B8051f /* Object */ = {
			isa = "PBXFileReference";
	
	
	lastKnownFileType = "sourcecode.swift";
	
	
	path = "Views/Settings/SettingsView.swift";
	
	
	sourceTree = "<group>";;
		};
		24D3D4F7F3A14BA393C731F1f /* Object */ = {
			isa = "PBXFileReference";
	
	
	lastKnownFileType = "sourcecode.swift";
	
	
	path = "Views/Home/BookshelfView.swift";
	
	
	sourceTree = "<group>";;
		};
		1752A62B1D804BC7AAF2570Af /* Object */ = {
			isa = "PBXFileReference";
	
	
	lastKnownFileType = "sourcecode.swift";
	
	
	path = "Views/Detail/BookDetailView.swift";
	
	
	sourceTree = "<group>";;
		};
		04086E365AF540BEBF7C672Ff /* Object */ = {
			isa = "PBXFileReference";
	
	
	lastKnownFileType = "sourcecode.swift";
	
	
	path = "ViewModels/BookDetailViewModel.swift";
	
	
	sourceTree = "<group>";;
		};
		6C99CE33233B4D5FB469EE6Af /* Object */ = {
			isa = "PBXFileReference";
	
	
	lastKnownFileType = "sourcecode.swift";
	
	
	path = "ViewModels/BookshelfViewModel.swift";
	
	
	sourceTree = "<group>";;
		};
		51869F42FBD24ED9AB710BE8f /* Object */ = {
			isa = "PBXFileReference";
	
	
	lastKnownFileType = "sourcecode.swift";
	
	
	path = "ViewModels/DiscoverViewModel.swift";
	
	
	sourceTree = "<group>";;
		};
		9BF6B8BB79124BA29FD4C292f /* Object */ = {
			isa = "PBXFileReference";
	
	
	lastKnownFileType = "sourcecode.swift";
	
	
	path = "ViewModels/ReaderViewModel.swift";
	
	
	sourceTree = "<group>";;
		};
		8701875783184D8E92E46887f /* Object */ = {
			isa = "PBXFileReference";
	
	
	lastKnownFileType = "sourcecode.swift";
	
	
	path = "ViewModels/SourceViewModel.swift";
	
	
	sourceTree = "<group>";;
		};
		60FE11E9E1744EBEA9DB854Af /* Object */ = {
			isa = "PBXFileReference";
	
	
	lastKnownFileType = "text.json";
	
	
	path = "default_sources.json";
	
	
	sourceTree = "<group>";;
		};
		2B49EDDFC41D42D985A54E4AF /* Object */ = {
			isa = "PBXFileReference";
	
	
	explicitFileType = "wrapper.application";
	
	
	includeInIndex = 0;
	
	
	path = "BookReader.app";
	
	
	sourceTree = "BUILT_PRODUCTS_DIR";;
		};
		82A82F39A0594FE1A8B306BBP /* Project object */ = {
			isa = "PBXProject";
	
	
	attributes = "{"BuildIndependentTargetsInParallel":1,"LastSwiftUpdateCheck":1500,"LastUpgradeCheck":1500,"SwiftABIVersion":7,"TARGETED_DEVICE_FAMILY":"1,2"}";
	
	
	buildConfigurationList = "03D34FDA2CAD4F7A88B5E923C";
	
	
	compatibilityVersion = ""Xcode 14.0"";
	
	
	developmentRegion = ""en"";
	
	
	hasScannedForEncodings = 0;
	
	
	knownRegions = "["en","Base"]";
	
	
	mainGroup = "B95D662615A44FBDB05F98A0G";
	
	
	productRefGroup = "6BB6A66DD50745ED950EE349G";
	
	
	projectDirPath = """";
	
	
	projectRoot = """";
	
	
	targets = "<7805D0C07DAA45B295E80826T>";;
		};
		B95D662615A44FBDB05F98A0G = {
			isa = "PBXGroup";
	
	
	children = "(06AB473A13414C5F8EEA5AB2f 1EBC823DAA014FB4A8527AD9f 588E55618D114E9D97443ACCf 983C694355AB4EC184D99C35f EB1B94CDB77C4663B08DE7BBf B78FA33DBA274572BBC6CF11f 35C0B4DD6CB24EFA9B1E82F5f ED81666090A546889695C1D4f 67F0969671F54D5080C26107f AE84FAFD023A43EE8E601888f F83B1AB0E63140B99727B92Cf 07ED342C0C0E4114B3672EF4f 26D225F04F2B449CA15D998Af 2152691F2D7A4D3A821C0E03f 9CC3BBA7BE464584B3317AC4f AFA84E8E144B40EE8F3BC876f 4B80D0B4643F49B58DBF7306f 7B4D231DECEF4199A78A39A6f 6C1044465C384389996B8051f 24D3D4F7F3A14BA393C731F1f 1752A62B1D804BC7AAF2570Af 04086E365AF540BEBF7C672Ff 6C99CE33233B4D5FB469EE6Af 51869F42FBD24ED9AB710BE8f 9BF6B8BB79124BA29FD4C292f 8701875783184D8E92E46887f 60FE11E9E1744EBEA9DB854Af 2B49EDDFC41D42D985A54E4AF)";
	
	
	sourceTree = ""<group>"";;
		};
		6BB6A66DD50745ED950EE349G = {
			isa = "PBXGroup";
	
	
	children = "(<2B49EDDFC41D42D985A54E4AF>)";
	
	
	name = ""Products"";
	
	
	sourceTree = ""<group>"";;
		};
		7805D0C07DAA45B295E80826T = {
			isa = "PBXNativeTarget";
	
	
	buildConfigurationList = "21A073EDAA71403FBD039F43C";
	
	
	buildPhases = "(<683D686EEFF9418382D511ABP> <ECBFCBD17C834D25BEAD9FD5P> <D322DBDE3D4942168CD62C72P>)";
	
	
	buildRules = "()";
	
	
	dependencies = "()";
	
	
	name = ""BookReader"";
	
	
	productName = ""BookReader"";
	
	
	productReference = "<2B49EDDFC41D42D985A54E4AF>";
	
	
	productType = ""com.apple.product-type.application"";;
		};
		683D686EEFF9418382D511ABP = {
			isa = "PBXSourcesBuildPhase";
	
	
	buildActionMask = 2147483647;
	
	
	files = "(<741BDE4D0BA547DC80421A45b> <A47B7F62E0B44694BF68004Ab> <447C8086A07C4998883861EBb> <954A4F48CB064ABE92D4F710b> <4400EF9AE30042A184358AEBb> <10B3C354394240C48A2DBCD2b> <813CD9CAFF044A11B5132929b> <2D9401799E1A4D6DB0EAEA20b> <54CFDDACE5464DCC9A9E7B13b> <2452728BC8CE4EC9AC9BBB15b> <3CEA28111D2B491691D260AFb> <142F5CBE6A06423EB9699BB8b> <1343409BBC224CE8BE4E022Ab> <285C84AC893444C7B320783Bb> <B2B6BEB972E5402583A7E6F3b> <F8E34A7A1150403782F5BD7Db> <E08210A5C821454E84693DDAb> <DA861BC2E0E94045AA0D573Db> <B187B690151349F5A0AD92B1b> <DBC653E75B294EF3886C062Db> <C92137F742F64FF291F27FA2b> <D667C8F3DE704CAEBDED4522b> <2B81702CBCE142069DCA8290b> <14AFD64BF1704F93B874014Cb> <0EE7DE732E864989BF34E80Cb> <4677725F7E25476F83C38426b>)";
	
	
	runOnlyForDeploymentPostprocessing = 0;;
		};
		ECBFCBD17C834D25BEAD9FD5P = {
			isa = "PBXFrameworksBuildPhase";
	
	
	buildActionMask = 2147483647;
	
	
	files = "()";
	
	
	runOnlyForDeploymentPostprocessing = 0;;
		};
		D322DBDE3D4942168CD62C72P = {
			isa = "PBXResourcesBuildPhase";
	
	
	buildActionMask = 2147483647;
	
	
	files = "()";
	
	
	runOnlyForDeploymentPostprocessing = 0;;
		};
		03D34FDA2CAD4F7A88B5E923C = {
			isa = "XCConfigurationList";
	
	
	buildConfigurations = "(<1776F11C3D424E4D89843A95C> <3E5C782E1EE84508AB5BFED7C>)";
	
	
	defaultConfigurationIsVisible = 0;
	
	
	defaultConfigurationName = ""Release"";;
		};
		1776F11C3D424E4D89843A95C = {
			isa = "XCBuildConfiguration";
	
	
	name = ""Debug"";
	
	
	buildSettings = "{ALWAYS_SEARCH_USER_PATHS = NO; ASSETCATALOG_COMPILER_GENERATE_SWIFT_ASSET_SYMBOL_EXTENSIONS = YES; CLANG_ANALYZER_NONNULL = YES; CLANG_ANALYZER_NUMBER_OBJECT_CONVERSION = YES_AGGRESSIVE; CLANG_CXX_LANGUAGE_STANDARD = "gnu++20"; CLANG_ENABLE_MODULES = YES; CLANG_ENABLE_OBJC_ARC = YES; CLANG_ENABLE_OBJC_WEAK = YES; CLANG_WARN_BLOCK_CAPTURE_AUTORELEASING = YES; CLANG_WARN_BOOL_CONVERSION = YES; CLANG_WARN_COMMA = YES; CLANG_WARN_CONSTANT_CONVERSION = YES; CLANG_WARN_DEPRECATED_OBJC_IMPLEMENTATIONS = YES; CLANG_WARN_DIRECT_OBJC_ISA_USAGE = YES_ERROR; CLANG_WARN_DOCUMENTATION_COMMENTS = YES; CLANG_WARN_EMPTY_BODY = YES; CLANG_WARN_ENUM_CONVERSION = YES; CLANG_WARN_INFINITE_RECURSION = YES; CLANG_WARN_INT_CONVERSION = YES; CLANG_WARN_NON_LITERAL_NULL_CONVERSION = YES; CLANG_WARN_OBJC_IMPLICIT_RETAIN_SELF = YES; CLANG_WARN_OBJC_LITERAL_CONVERSION = YES; CLANG_WARN_OBJC_ROOT_CLASS = YES_ERROR; CLANG_WARN_QUOTED_INCLUDE_IN_FRAMEWORK_HEADER = YES; CLANG_WARN_RANGE_LOOP_ANALYSIS = YES; CLANG_WARN_STRICT_PROTOTYPES = YES; CLANG_WARN_SUSPICIOUS_MOVE = YES; CLANG_WARN_UNGUARDED_AVAILABILITY = YES_AGGRESSIVE; CLANG_WARN_UNREACHABLE_CODE = YES; CLANG_WARN__DUPLICATE_METHOD_MATCH = YES; COPY_PHASE_STRIP = NO; DEBUG_INFORMATION_FORMAT = dwarf; ENABLE_NS_ASSERTIONS = YES; ENABLE_STRICT_OBJC_MSGSEND = YES; ENABLE_TESTABILITY = YES; GCC_C_LANGUAGE_STANDARD = gnu17; GCC_DYNAMIC_NO_PIC = NO; GCC_NO_COMMON_BLOCKS = YES; GCC_OPTIMIZATION_LEVEL = 0; GCC_PREPROCESSOR_DEFINITIONS = ("DEBUG=1", "$(inherited)"); GCC_WARN_64_TO_32_BIT_CONVERSION = YES; GCC_WARN_ABOUT_RETURN_TYPE = YES_ERROR; GCC_WARN_UNDECLARED_SELECTOR = YES; GCC_WARN_UNINITIALIZED_AUTOS = YES_AGGRESSIVE; GCC_WARN_UNUSED_FUNCTION = YES; GCC_WARN_UNUSED_VARIABLE = YES; IPHONEOS_DEPLOYMENT_TARGET = 16.0; LOCALIZATION_PREFERS_STRING_CATALOGS = YES; MTL_ENABLE_DEBUG_INFO = INCLUDE_SOURCE; MTL_FAST_MATH = YES; ONLY_ACTIVE_ARCH = YES; SDKROOT = iphoneos; SWIFT_ACTIVE_COMPILATION_CONDITIONS = "DEBUG $(inherited)"; SWIFT_OPTIMIZATION_LEVEL = "-Onone"; }";;
		};
		3E5C782E1EE84508AB5BFED7C = {
			isa = "XCBuildConfiguration";
	
	
	name = ""Release"";
	
	
	buildSettings = "{ALWAYS_SEARCH_USER_PATHS = NO; ASSETCATALOG_COMPILER_GENERATE_SWIFT_ASSET_SYMBOL_EXTENSIONS = YES; CLANG_ANALYZER_NONNULL = YES; CLANG_ANALYZER_NUMBER_OBJECT_CONVERSION = YES_AGGRESSIVE; CLANG_CXX_LANGUAGE_STANDARD = "gnu++20"; CLANG_ENABLE_MODULES = YES; CLANG_ENABLE_OBJC_ARC = YES; CLANG_ENABLE_OBJC_WEAK = YES; CLANG_WARN_BLOCK_CAPTURE_AUTORELEASING = YES; CLANG_WARN_BOOL_CONVERSION = YES; CLANG_WARN_COMMA = YES; CLANG_WARN_CONSTANT_CONVERSION = YES; CLANG_WARN_DEPRECATED_OBJC_IMPLEMENTATIONS = YES; CLANG_WARN_DIRECT_OBJC_ISA_USAGE = YES_ERROR; CLANG_WARN_DOCUMENTATION_COMMENTS = YES; CLANG_WARN_EMPTY_BODY = YES; CLANG_WARN_ENUM_CONVERSION = YES; CLANG_WARN_INFINITE_RECURSION = YES; CLANG_WARN_INT_CONVERSION = YES; CLANG_WARN_NON_LITERAL_NULL_CONVERSION = YES; CLANG_WARN_OBJC_IMPLICIT_RETAIN_SELF = YES; CLANG_WARN_OBJC_LITERAL_CONVERSION = YES; CLANG_WARN_OBJC_ROOT_CLASS = YES_ERROR; CLANG_WARN_QUOTED_INCLUDE_IN_FRAMEWORK_HEADER = YES; CLANG_WARN_RANGE_LOOP_ANALYSIS = YES; CLANG_WARN_STRICT_PROTOTYPES = YES; CLANG_WARN_SUSPICIOUS_MOVE = YES; CLANG_WARN_UNGUARDED_AVAILABILITY = YES_AGGRESSIVE; CLANG_WARN_UNREACHABLE_CODE = YES; CLANG_WARN__DUPLICATE_METHOD_MATCH = YES; COPY_PHASE_STRIP = NO; DEBUG_INFORMATION_FORMAT = "dwarf-with-dsym"; ENABLE_NS_ASSERTIONS = NO; ENABLE_STRICT_OBJC_MSGSEND = YES; GCC_C_LANGUAGE_STANDARD = gnu17; GCC_NO_COMMON_BLOCKS = YES; GCC_WARN_64_TO_32_BIT_CONVERSION = YES; GCC_WARN_ABOUT_RETURN_TYPE = YES_ERROR; GCC_WARN_UNDECLARED_SELECTOR = YES; GCC_WARN_UNINITIALIZED_AUTOS = YES_AGGRESSIVE; GCC_WARN_UNUSED_FUNCTION = YES; GCC_WARN_UNUSED_VARIABLE = YES; IPHONEOS_DEPLOYMENT_TARGET = 16.0; LOCALIZATION_PREFERS_STRING_CATALOGS = YES; MTL_ENABLE_DEBUG_INFO = NO; MTL_FAST_MATH = YES; SDKROOT = iphoneos; SWIFT_COMPILATION_MODE = wholemodule; VALIDATE_PRODUCT = YES; }";;
		};
		21A073EDAA71403FBD039F43C = {
			isa = "XCConfigurationList";
	
	
	buildConfigurations = "(<3ABF96703D38408B9BFE3870C> <6F186F8B9E35447F9D4C64B0C>)";
	
	
	defaultConfigurationIsVisible = 0;
	
	
	defaultConfigurationName = ""Release"";;
		};
		3ABF96703D38408B9BFE3870C = {
			isa = "XCBuildConfiguration";
	
	
	name = ""Debug"";
	
	
	buildSettings = "{ASSETCATALOG_COMPILER_APPICON_NAME = AppIcon; ASSETCATALOG_COMPILER_GLOBAL_ACCENT_COLOR_NAME = AccentColor; CODE_SIGN_IDENTITY = "-"; CODE_SIGNING_ALLOWED = NO; CODE_SIGNING_REQUIRED = NO; CURRENT_PROJECT_VERSION = 1; DEVELOPMENT_TEAM = ""; ENABLE_USER_SCRIPT_SANDBOXING = NO; INFOPLIST_KEY_UIApplicationSceneManifest_Generation = YES; INFOPLIST_KEY_UIApplicationSupportsIndirectInputEvents = YES; INFOPLIST_KEY_UILaunchScreen_Generation = YES; INFOPLIST_KEY_UISupportedInterfaceOrientations = ("UIInterfaceOrientationPortrait", "UIInterfaceOrientationLandscapeLeft", "UIInterfaceOrientationLandscapeRight"); INFOPLIST_KEY_UISupportedInterfaceOrientations_iPad = ("UIInterfaceOrientationPortrait", "UIInterfaceOrientationPortraitUpsideDown", "UIInterfaceOrientationLandscapeLeft", "UIInterfaceOrientationLandscapeRight"); MARKETING_VERSION = "1.0.0"; PRODUCT_BUNDLE_IDENTIFIER = "com.bookreader.app"; PRODUCT_NAME = "$(TARGET_NAME)"; SWIFT_EMIT_LOC_STRINGS = YES; SWIFT_VERSION = 5.0; TARGETED_DEVICE_FAMILY = "1,2"; }";;
		};
		6F186F8B9E35447F9D4C64B0C = {
			isa = "XCBuildConfiguration";
	
	
	name = ""Release"";
	
	
	buildSettings = "{ASSETCATALOG_COMPILER_APPICON_NAME = AppIcon; ASSETCATALOG_COMPILER_GLOBAL_ACCENT_COLOR_NAME = AccentColor; CODE_SIGN_IDENTITY = "-"; CODE_SIGNING_ALLOWED = NO; CODE_SIGNING_REQUIRED = NO; CURRENT_PROJECT_VERSION = 1; DEVELOPMENT_TEAM = ""; ENABLE_USER_SCRIPT_SANDBOXING = NO; INFOPLIST_KEY_UIApplicationSceneManifest_Generation = YES; INFOPLIST_KEY_UIApplicationSupportsIndirectInputEvents = YES; INFOPLIST_KEY_UILaunchScreen_Generation = YES; INFOPLIST_KEY_UISupportedInterfaceOrientations = ("UIInterfaceOrientationPortrait", "UIInterfaceOrientationLandscapeLeft", "UIInterfaceOrientationLandscapeRight"); INFOPLIST_KEY_UISupportedInterfaceOrientations_iPad = ("UIInterfaceOrientationPortrait", "UIInterfaceOrientationPortraitUpsideDown", "UIInterfaceOrientationLandscapeLeft", "UIInterfaceOrientationLandscapeRight"); MARKETING_VERSION = "1.0.0"; PRODUCT_BUNDLE_IDENTIFIER = "com.bookreader.app"; PRODUCT_NAME = "$(TARGET_NAME)"; SWIFT_EMIT_LOC_STRINGS = YES; SWIFT_VERSION = 5.0; TARGETED_DEVICE_FAMILY = "1,2"; }";;
		};
	);
	rootObject = 82A82F39A0594FE1A8B306BBP /* Project object */;
}
