// !$*UTF8*$!
{
	archiveVersion = 1;
	classes = {
	};
	objectVersion = 56;
	objects = {
		010E861E20E9479CAEA1B88Ef = {
			isa = PBXFileReference;
			lastKnownFileType = "sourcecode.swift";
			path = "Models/Book.swift";
			sourceTree = "<group>";
		}};
		118A54D2DF034C36B81565F9b = {
			isa = PBXBuildFile;
			fileRef = "9065DB9E56564FE9B8453465f";
		}};
		1B4DCEE1224D4B9CA9E89391f = {
			isa = PBXFileReference;
			lastKnownFileType = "sourcecode.swift";
			path = "Views/NavigationRouter.swift";
			sourceTree = "<group>";
		}};
		214C3D5279A64BAFBECC9B71b = {
			isa = PBXBuildFile;
			fileRef = "1B4DCEE1224D4B9CA9E89391f";
		}};
		24C6FD5FFF18423AB156A5E5T = {
			isa = PBXNativeTarget;
			buildConfigurationList = 9E43C2F2527F40F68BF31DE6C;
			buildPhases = (
			);
			buildRules = (
			);
			dependencies = (
			);
			name = "BookReader";
			productName = BookReader;
			productReference = 6DE6538E2449465899455653F;
			productType = "com.apple.product-type.application";
		}};
		269F36899412438A8AF1F672b = {
			isa = PBXBuildFile;
			fileRef = "D6521942937149579488A625f";
		}};
		26F2E951E98542E5AC1CECD8b = {
			isa = PBXBuildFile;
			fileRef = "65514EDC48AC4092956146D4f";
		}};
		288480E3145F4E79920A2507b = {
			isa = PBXBuildFile;
			fileRef = "9C0AD327E45B48A5B8F5DD01f";
		}};
		2917B1F159A24EB98B6ED00Ef = {
			isa = PBXFileReference;
			lastKnownFileType = "sourcecode.swift";
			path = "ViewModels/SourceViewModel.swift";
			sourceTree = "<group>";
		}};
		31E474B1DD9547CB915F27AFP = {
			isa = PBXSourcesBuildPhase;
			files = (
			);
		}};
		33E67231C73642B684006900P = {
			isa = PBXFrameworksBuildPhase;
			files = (
			);
		}};
		4BFFAD5BB29B4B3EA42C5684b = {
			isa = PBXBuildFile;
			fileRef = "6D8358D112244AD090A1A4D5f";
		}};
		4C1C19F4E6F242539F3DDDD9f = {
			isa = PBXFileReference;
			lastKnownFileType = "sourcecode.swift";
			path = "Views/Discover/DiscoverView.swift";
			sourceTree = "<group>";
		}};
		4C8CF372B3E04AE7A02DC1B3f = {
			isa = PBXFileReference;
			lastKnownFileType = "sourcecode.swift";
			path = "ViewModels/ReaderViewModel.swift";
			sourceTree = "<group>";
		}};
		4FC1E32A105B4B679AEDE8ABb = {
			isa = PBXBuildFile;
			fileRef = "4C8CF372B3E04AE7A02DC1B3f";
		}};
		5255CDF0F0B34025BAD2922Af = {
			isa = PBXFileReference;
			lastKnownFileType = "sourcecode.swift";
			path = "ViewModels/BookshelfViewModel.swift";
			sourceTree = "<group>";
		}};
		538BF809DBB44473BB08A9D2b = {
			isa = PBXBuildFile;
			fileRef = "DFC518EB813E4D0D8A7603A8f";
		}};
		547C54BC6EEB42928FA31324f = {
			isa = PBXFileReference;
			lastKnownFileType = "sourcecode.swift";
			path = "Services/TTSService.swift";
			sourceTree = "<group>";
		}};
		57BFF5B99E1041BFA44058A8b = {
			isa = PBXBuildFile;
			fileRef = "EA1AA4DFDAA84BE9B37E1F42f";
		}};
		5918239265704F0EB9F29B56f = {
			isa = PBXFileReference;
			lastKnownFileType = "sourcecode.swift";
			path = "Views/Settings/SettingsView.swift";
			sourceTree = "<group>";
		}};
		5EA1E6CB9F594961AC7D5749f = {
			isa = PBXFileReference;
			lastKnownFileType = "sourcecode.swift";
			path = "ViewModels/BookDetailViewModel.swift";
			sourceTree = "<group>";
		}};
		5F9A095393014B1CBC974EECb = {
			isa = PBXBuildFile;
			fileRef = "DC0DA258137E4CF0BEAAB4DCf";
		}};
		636B4F3E571B48108C215EEFf = {
			isa = PBXFileReference;
			lastKnownFileType = "text.json";
			path = "default_sources.json";
			sourceTree = "<group>";
		}};
		65514EDC48AC4092956146D4f = {
			isa = PBXFileReference;
			lastKnownFileType = "sourcecode.swift";
			path = "Views/Home/BookshelfView.swift";
			sourceTree = "<group>";
		}};
		664403C4CB9042D9A35895A2b = {
			isa = PBXBuildFile;
			fileRef = "F7356325D5354968AC0D7EB3f";
		}};
		6D8358D112244AD090A1A4D5f = {
			isa = PBXFileReference;
			lastKnownFileType = "sourcecode.swift";
			path = "Views/Sources/SourcesView.swift";
			sourceTree = "<group>";
		}};
		6DE6538E2449465899455653F = {
			isa = PBXFileReference;
			explicitFileType = "wrapper.application";
			path = "BookReader.app";
			sourceTree = "BUILT_PRODUCTS_DIR";
		}};
		729E798BAF5842FCAB34617Db = {
			isa = PBXBuildFile;
			fileRef = "73E76BADAF68455D89555849f";
		}};
		73E76BADAF68455D89555849f = {
			isa = PBXFileReference;
			lastKnownFileType = "sourcecode.swift";
			path = "Services/SourceImportService.swift";
			sourceTree = "<group>";
		}};
		74F03789471A41F6BCF39B87f = {
			isa = PBXFileReference;
			lastKnownFileType = "sourcecode.swift";
			path = "Services/SourceParser.swift";
			sourceTree = "<group>";
		}};
		7500A807D16045DDBFF4FEBCC = {
			isa = XCConfigurationList;
			buildConfigurations = (
			);
			defaultConfigurationName = Release;
		}};
		7630365FFB1340AFB70AF56Cb = {
			isa = PBXBuildFile;
			fileRef = "547C54BC6EEB42928FA31324f";
		}};
		76F9DCC62029407AAC287AF2f = {
			isa = PBXFileReference;
			lastKnownFileType = "sourcecode.swift";
			path = "BookReaderApp.swift";
			sourceTree = "<group>";
		}};
		7A31C5A137F146F18E398D4DC = {
			isa = XCBuildConfiguration;
			buildSettings = {
				CODE_SIGN_IDENTITY = -;
				CODE_SIGNING_ALLOWED = NO;
				CURRENT_PROJECT_VERSION = 1;
				GENERATE_INFOPLIST_FILE = YES;
				INFOPLIST_KEY_UIApplicationSceneManifest_Generation = YES;
				INFOPLIST_KEY_UILaunchScreen_Generation = YES;
				INFOPLIST_KEY_UISupportedInterfaceOrientations_iPad = UIInterfaceOrientationPortrait UIInterfaceOrientationPortraitUpsideDown UIInterfaceOrientationLandscapeLeft UIInterfaceOrientationLandscapeRight;
				INFOPLIST_KEY_UISupportedInterfaceOrientations_iPhone = UIInterfaceOrientationPortrait;
				IPHONEOS_DEPLOYMENT_TARGET = 16.0;
				MARKETING_VERSION = 1.0.0;
				PRODUCT_BUNDLE_IDENTIFIER = com.bookreader.app;
				PRODUCT_NAME = $(TARGET_NAME);
				SWIFT_EMIT_LOC_STRINGS = YES;
				SWIFT_VERSION = 5.9;
				TARGETED_DEVICE_FAMILY = 1,2;
				SWIFT_OPTIMIZATION_LEVEL = -Onone;
			};
			name = "Debug";
		}};
		7B63DDB4B432429FA126AEBFb = {
			isa = PBXBuildFile;
			fileRef = "5918239265704F0EB9F29B56f";
		}};
		7D10BAE840CF48FFBA5CB07Bb = {
			isa = PBXBuildFile;
			fileRef = "ABF4848709A24ADF807CE01Df";
		}};
		8C431BEA409640A9B22133FAC = {
			isa = XCBuildConfiguration;
			buildSettings = {
				CODE_SIGN_IDENTITY = -;
				CODE_SIGNING_ALLOWED = NO;
				CURRENT_PROJECT_VERSION = 1;
				GENERATE_INFOPLIST_FILE = YES;
				INFOPLIST_KEY_UIApplicationSceneManifest_Generation = YES;
				INFOPLIST_KEY_UILaunchScreen_Generation = YES;
				INFOPLIST_KEY_UISupportedInterfaceOrientations_iPad = UIInterfaceOrientationPortrait UIInterfaceOrientationPortraitUpsideDown UIInterfaceOrientationLandscapeLeft UIInterfaceOrientationLandscapeRight;
				INFOPLIST_KEY_UISupportedInterfaceOrientations_iPhone = UIInterfaceOrientationPortrait;
				IPHONEOS_DEPLOYMENT_TARGET = 16.0;
				MARKETING_VERSION = 1.0.0;
				PRODUCT_BUNDLE_IDENTIFIER = com.bookreader.app;
				PRODUCT_NAME = $(TARGET_NAME);
				SWIFT_EMIT_LOC_STRINGS = YES;
				SWIFT_VERSION = 5.9;
				TARGETED_DEVICE_FAMILY = 1,2;
			};
			name = "Release";
		}};
		9065DB9E56564FE9B8453465f = {
			isa = PBXFileReference;
			lastKnownFileType = "sourcecode.swift";
			path = "ViewModels/DiscoverViewModel.swift";
			sourceTree = "<group>";
		}};
		9680FC9B7D544402A6170C32b = {
			isa = PBXBuildFile;
			fileRef = "010E861E20E9479CAEA1B88Ef";
		}};
		9C0AD327E45B48A5B8F5DD01f = {
			isa = PBXFileReference;
			lastKnownFileType = "sourcecode.swift";
			path = "Models/Chapter.swift";
			sourceTree = "<group>";
		}};
		9E43C2F2527F40F68BF31DE6C = {
			isa = XCConfigurationList;
			buildConfigurations = (
			);
			defaultConfigurationName = Release;
		}};
		A4644E9007674944885DD000C = {
			isa = XCBuildConfiguration;
			buildSettings = {
				CODE_SIGN_IDENTITY = -;
				CODE_SIGNING_ALLOWED = NO;
				CURRENT_PROJECT_VERSION = 1;
				GENERATE_INFOPLIST_FILE = YES;
				INFOPLIST_KEY_UIApplicationSceneManifest_Generation = YES;
				INFOPLIST_KEY_UILaunchScreen_Generation = YES;
				INFOPLIST_KEY_UISupportedInterfaceOrientations_iPad = UIInterfaceOrientationPortrait UIInterfaceOrientationPortraitUpsideDown UIInterfaceOrientationLandscapeLeft UIInterfaceOrientationLandscapeRight;
				INFOPLIST_KEY_UISupportedInterfaceOrientations_iPhone = UIInterfaceOrientationPortrait;
				IPHONEOS_DEPLOYMENT_TARGET = 16.0;
				MARKETING_VERSION = 1.0.0;
				PRODUCT_BUNDLE_IDENTIFIER = com.bookreader.app;
				PRODUCT_NAME = $(TARGET_NAME);
				SWIFT_EMIT_LOC_STRINGS = YES;
				SWIFT_VERSION = 5.9;
				TARGETED_DEVICE_FAMILY = 1,2;
			};
			name = "Debug";
		}};
		ABC3174E011A44E588E0896Eb = {
			isa = PBXBuildFile;
			fileRef = "5EA1E6CB9F594961AC7D5749f";
		}};
		ABF4848709A24ADF807CE01Df = {
			isa = PBXFileReference;
			lastKnownFileType = "sourcecode.swift";
			path = "Services/DataManager.swift";
			sourceTree = "<group>";
		}};
		B3FEA5DC5FDC4E4CB8D20E50G = {
			isa = PBXGroup;
			children = (
			);
			sourceTree = "<group>";
		}};
		B82470FCBE7C448BABF646FDf = {
			isa = PBXFileReference;
			lastKnownFileType = "sourcecode.swift";
			path = "Models/ReadingProgress.swift";
			sourceTree = "<group>";
		}};
		C15FDC40C8BC497C9C415C90b = {
			isa = PBXBuildFile;
			fileRef = "E4FD87AA9FFC4AECBFDC4757f";
		}};
		C20A3C98DB9949A7B7027050b = {
			isa = PBXBuildFile;
			fileRef = "E600B4BBF8B444BD926C3A36f";
		}};
		C9BCEFE1DAC34D2D9192E944b = {
			isa = PBXBuildFile;
			fileRef = "4C1C19F4E6F242539F3DDDD9f";
		}};
		D355F04B304E47B4BE3B8697b = {
			isa = PBXBuildFile;
			fileRef = "76F9DCC62029407AAC287AF2f";
		}};
		D6521942937149579488A625f = {
			isa = PBXFileReference;
			lastKnownFileType = "sourcecode.swift";
			path = "Models/BookSource.swift";
			sourceTree = "<group>";
		}};
		D8982A3A055E4AC2A93A23F7b = {
			isa = PBXBuildFile;
			fileRef = "5255CDF0F0B34025BAD2922Af";
		}};
		DBC4D4FA55DD44F09A0FADF4P = {
			isa = PBXResourcesBuildPhase;
			files = (
			);
		}};
		DC0DA258137E4CF0BEAAB4DCf = {
			isa = PBXFileReference;
			lastKnownFileType = "sourcecode.swift";
			path = "Services/LegadoSourceParser.swift";
			sourceTree = "<group>";
		}};
		DFC518EB813E4D0D8A7603A8f = {
			isa = PBXFileReference;
			lastKnownFileType = "sourcecode.swift";
			path = "Services/NetworkService.swift";
			sourceTree = "<group>";
		}};
		E02C447ADF974F6A935A9C69f = {
			isa = PBXFileReference;
			lastKnownFileType = "sourcecode.swift";
			path = "Theme/AppTheme.swift";
			sourceTree = "<group>";
		}};
		E4FD87AA9FFC4AECBFDC4757f = {
			isa = PBXFileReference;
			lastKnownFileType = "sourcecode.swift";
			path = "Models/LegadoSource.swift";
			sourceTree = "<group>";
		}};
		E600B4BBF8B444BD926C3A36f = {
			isa = PBXFileReference;
			lastKnownFileType = "sourcecode.swift";
			path = "Views/Detail/BookDetailView.swift";
			sourceTree = "<group>";
		}};
		E853D4D4E42F4849A32DAEA4b = {
			isa = PBXBuildFile;
			fileRef = "E02C447ADF974F6A935A9C69f";
		}};
		E8E40501D1E64E738038F371b = {
			isa = PBXBuildFile;
			fileRef = "74F03789471A41F6BCF39B87f";
		}};
		EA1AA4DFDAA84BE9B37E1F42f = {
			isa = PBXFileReference;
			lastKnownFileType = "sourcecode.swift";
			path = "Views/Reader/ReaderView.swift";
			sourceTree = "<group>";
		}};
		F0054887F29D434BBA1D9900G = {
			isa = PBXGroup;
			children = (
			);
			name = "Products";
			sourceTree = "<group>";
		}};
		F1177BC9EC3A4BC9A8325A91b = {
			isa = PBXBuildFile;
			fileRef = "B82470FCBE7C448BABF646FDf";
		}};
		F36BA362DEA04369A2D444D2P = {
			isa = PBXProject;
			buildConfigurationList = 7500A807D16045DDBFF4FEBCC;
			compatibilityVersion = Xcode 14.0;
			developmentRegion = en;
			knownRegions = (
			);
			mainGroup = B3FEA5DC5FDC4E4CB8D20E50G;
			productRefGroup = F0054887F29D434BBA1D9900G;
			projectDirPath = ;
			projectRoot = ;
			targets = (
			);
		}};
		F4AF2C86C37A49F189BAD39Fb = {
			isa = PBXBuildFile;
			fileRef = "2917B1F159A24EB98B6ED00Ef";
		}};
		F7356325D5354968AC0D7EB3f = {
			isa = PBXFileReference;
			lastKnownFileType = "sourcecode.swift";
			path = "Views/TabBarView.swift";
			sourceTree = "<group>";
		}};
		FCC76601222B4290B303A102C = {
			isa = XCBuildConfiguration;
			buildSettings = {
				CODE_SIGN_IDENTITY = -;
				CODE_SIGNING_ALLOWED = NO;
				CURRENT_PROJECT_VERSION = 1;
				GENERATE_INFOPLIST_FILE = YES;
				INFOPLIST_KEY_UIApplicationSceneManifest_Generation = YES;
				INFOPLIST_KEY_UILaunchScreen_Generation = YES;
				INFOPLIST_KEY_UISupportedInterfaceOrientations_iPad = UIInterfaceOrientationPortrait UIInterfaceOrientationPortraitUpsideDown UIInterfaceOrientationLandscapeLeft UIInterfaceOrientationLandscapeRight;
				INFOPLIST_KEY_UISupportedInterfaceOrientations_iPhone = UIInterfaceOrientationPortrait;
				IPHONEOS_DEPLOYMENT_TARGET = 16.0;
				MARKETING_VERSION = 1.0.0;
				PRODUCT_BUNDLE_IDENTIFIER = com.bookreader.app;
				PRODUCT_NAME = $(TARGET_NAME);
				SWIFT_EMIT_LOC_STRINGS = YES;
				SWIFT_VERSION = 5.9;
				TARGETED_DEVICE_FAMILY = 1,2;
				SWIFT_OPTIMIZATION_LEVEL = -O;
			};
			name = "Release";
		}};
	};
	rootObject = F36BA362DEA04369A2D444D2P;
}
